// !$*UTF8*$!
{
	archiveVersion = 1;
	classes = {
	};
	objectVersion = 50;
	objects = {

/* Begin PBXBuildFile section */
		7E04E52D22702CF300113064 /* QuoteTextView.swift in Sources */ = {isa = PBXBuildFile; fileRef = 7E04E52C22702CF300113064 /* QuoteTextView.swift */; };
		7E17D7E32261B979007BF304 /* ChatViewController.swift in Sources */ = {isa = PBXBuildFile; fileRef = 7E17D7E22261B979007BF304 /* ChatViewController.swift */; };
		7E17D7E62261BB56007BF304 /* ChatView.swift in Sources */ = {isa = PBXBuildFile; fileRef = 7E17D7E52261BB56007BF304 /* ChatView.swift */; };
		7E17D7E82261BC7C007BF304 /* MessageSentCell.swift in Sources */ = {isa = PBXBuildFile; fileRef = 7E17D7E72261BC7C007BF304 /* MessageSentCell.swift */; };
		7E17D7EA2261CC15007BF304 /* ChatViewModel.swift in Sources */ = {isa = PBXBuildFile; fileRef = 7E17D7E92261CC15007BF304 /* ChatViewModel.swift */; };
		7E17D7ED2261CC6B007BF304 /* Message.swift in Sources */ = {isa = PBXBuildFile; fileRef = 7E17D7EC2261CC6B007BF304 /* Message.swift */; };
		7E17D7EF22641B19007BF304 /* MessageReceivedCell.swift in Sources */ = {isa = PBXBuildFile; fileRef = 7E17D7EE22641B19007BF304 /* MessageReceivedCell.swift */; };
		7E17D7F122641B28007BF304 /* MessageCell.swift in Sources */ = {isa = PBXBuildFile; fileRef = 7E17D7F022641B28007BF304 /* MessageCell.swift */; };
		7E17D7F422645EA9007BF304 /* MessageBar.swift in Sources */ = {isa = PBXBuildFile; fileRef = 7E17D7F322645EA9007BF304 /* MessageBar.swift */; };
		7E17D7F622645FF5007BF304 /* MessageTextField.swift in Sources */ = {isa = PBXBuildFile; fileRef = 7E17D7F522645FF5007BF304 /* MessageTextField.swift */; };
		7E17D7F822685209007BF304 /* SendButton.swift in Sources */ = {isa = PBXBuildFile; fileRef = 7E17D7F722685209007BF304 /* SendButton.swift */; };
		7E17D7FB226918BF007BF304 /* UIViewController+Extension.swift in Sources */ = {isa = PBXBuildFile; fileRef = 7E17D7FA226918BF007BF304 /* UIViewController+Extension.swift */; };
		7E1902552230FD5D0054B8F2 /* AppDelegate.swift in Sources */ = {isa = PBXBuildFile; fileRef = 7E1902542230FD5D0054B8F2 /* AppDelegate.swift */; };
		7E19025A2230FD5D0054B8F2 /* Main.storyboard in Resources */ = {isa = PBXBuildFile; fileRef = 7E1902582230FD5D0054B8F2 /* Main.storyboard */; };
		7E19025C2230FD620054B8F2 /* Assets.xcassets in Resources */ = {isa = PBXBuildFile; fileRef = 7E19025B2230FD620054B8F2 /* Assets.xcassets */; };
		7E19025F2230FD620054B8F2 /* LaunchScreen.storyboard in Resources */ = {isa = PBXBuildFile; fileRef = 7E19025D2230FD620054B8F2 /* LaunchScreen.storyboard */; };
		7E19026A2230FD620054B8F2 /* KragerChatTests.swift in Sources */ = {isa = PBXBuildFile; fileRef = 7E1902692230FD620054B8F2 /* KragerChatTests.swift */; };
		7E190275223100260054B8F2 /* HomeViewController.swift in Sources */ = {isa = PBXBuildFile; fileRef = 7E190274223100260054B8F2 /* HomeViewController.swift */; };
		7E190279223100910054B8F2 /* KragerTextFieldViewModel.swift in Sources */ = {isa = PBXBuildFile; fileRef = 7E190278223100910054B8F2 /* KragerTextFieldViewModel.swift */; };
		7E19027C223100A20054B8F2 /* KragerTextField.swift in Sources */ = {isa = PBXBuildFile; fileRef = 7E19027B223100A20054B8F2 /* KragerTextField.swift */; };
		7E19027E223102AC0054B8F2 /* EarthView.swift in Sources */ = {isa = PBXBuildFile; fileRef = 7E19027D223102AC0054B8F2 /* EarthView.swift */; };
		7E1902832231109E0054B8F2 /* ShootingStarBackground.swift in Sources */ = {isa = PBXBuildFile; fileRef = 7E1902822231109E0054B8F2 /* ShootingStarBackground.swift */; };
		7E1902862231BD770054B8F2 /* Star.swift in Sources */ = {isa = PBXBuildFile; fileRef = 7E1902852231BD770054B8F2 /* Star.swift */; };
		7E2E76E9226D77FA007172ED /* QuoteKeyboard.swift in Sources */ = {isa = PBXBuildFile; fileRef = 7E2E76E8226D77FA007172ED /* QuoteKeyboard.swift */; };
		7E2E76EB226D78E4007172ED /* QuoteCell.swift in Sources */ = {isa = PBXBuildFile; fileRef = 7E2E76EA226D78E4007172ED /* QuoteCell.swift */; };
		7E2E76EF226D7C8A007172ED /* PhotoKeyboard.swift in Sources */ = {isa = PBXBuildFile; fileRef = 7E2E76EE226D7C8A007172ED /* PhotoKeyboard.swift */; };
		7E2E76F1226D8D95007172ED /* Keyboard.swift in Sources */ = {isa = PBXBuildFile; fileRef = 7E2E76F0226D8D95007172ED /* Keyboard.swift */; };
		7E3ED11D223390DD00080C23 /* MoonView.swift in Sources */ = {isa = PBXBuildFile; fileRef = 7E3ED11C223390DD00080C23 /* MoonView.swift */; };
		7E65E7F42255F33200192F98 /* KragerButton.swift in Sources */ = {isa = PBXBuildFile; fileRef = 7E65E7F32255F33200192F98 /* KragerButton.swift */; };
		7E65E7F62256A80100192F98 /* UIView+Extensions.swift in Sources */ = {isa = PBXBuildFile; fileRef = 7E65E7F52256A80100192F98 /* UIView+Extensions.swift */; };
		7ED527BC228A7693009F1393 /* ChatClient.swift in Sources */ = {isa = PBXBuildFile; fileRef = 7ED527BB228A7693009F1393 /* ChatClient.swift */; };
		7EEA35A3227EAA45000A4585 /* PhotoCell.swift in Sources */ = {isa = PBXBuildFile; fileRef = 7EEA35A2227EAA45000A4585 /* PhotoCell.swift */; };
		7EEA35A5227EAE67000A4585 /* Photo.swift in Sources */ = {isa = PBXBuildFile; fileRef = 7EEA35A4227EAE67000A4585 /* Photo.swift */; };
/* End PBXBuildFile section */

/* Begin PBXContainerItemProxy section */
		7E1902662230FD620054B8F2 /* PBXContainerItemProxy */ = {
			isa = PBXContainerItemProxy;
			containerPortal = 7E1902492230FD5D0054B8F2 /* Project object */;
			proxyType = 1;
			remoteGlobalIDString = 7E1902502230FD5D0054B8F2;
			remoteInfo = KragerChat;
		};
/* End PBXContainerItemProxy section */

/* Begin PBXFileReference section */
		7E04E52C22702CF300113064 /* QuoteTextView.swift */ = {isa = PBXFileReference; lastKnownFileType = sourcecode.swift; path = QuoteTextView.swift; sourceTree = "<group>"; };
		7E17D7E22261B979007BF304 /* ChatViewController.swift */ = {isa = PBXFileReference; lastKnownFileType = sourcecode.swift; path = ChatViewController.swift; sourceTree = "<group>"; };
		7E17D7E52261BB56007BF304 /* ChatView.swift */ = {isa = PBXFileReference; lastKnownFileType = sourcecode.swift; path = ChatView.swift; sourceTree = "<group>"; };
		7E17D7E72261BC7C007BF304 /* MessageSentCell.swift */ = {isa = PBXFileReference; lastKnownFileType = sourcecode.swift; path = MessageSentCell.swift; sourceTree = "<group>"; };
		7E17D7E92261CC15007BF304 /* ChatViewModel.swift */ = {isa = PBXFileReference; lastKnownFileType = sourcecode.swift; path = ChatViewModel.swift; sourceTree = "<group>"; };
		7E17D7EC2261CC6B007BF304 /* Message.swift */ = {isa = PBXFileReference; lastKnownFileType = sourcecode.swift; path = Message.swift; sourceTree = "<group>"; };
		7E17D7EE22641B19007BF304 /* MessageReceivedCell.swift */ = {isa = PBXFileReference; lastKnownFileType = sourcecode.swift; path = MessageReceivedCell.swift; sourceTree = "<group>"; };
		7E17D7F022641B28007BF304 /* MessageCell.swift */ = {isa = PBXFileReference; lastKnownFileType = sourcecode.swift; path = MessageCell.swift; sourceTree = "<group>"; };
		7E17D7F322645EA9007BF304 /* MessageBar.swift */ = {isa = PBXFileReference; lastKnownFileType = sourcecode.swift; path = MessageBar.swift; sourceTree = "<group>"; };
		7E17D7F522645FF5007BF304 /* MessageTextField.swift */ = {isa = PBXFileReference; lastKnownFileType = sourcecode.swift; path = MessageTextField.swift; sourceTree = "<group>"; };
		7E17D7F722685209007BF304 /* SendButton.swift */ = {isa = PBXFileReference; lastKnownFileType = sourcecode.swift; path = SendButton.swift; sourceTree = "<group>"; };
		7E17D7FA226918BF007BF304 /* UIViewController+Extension.swift */ = {isa = PBXFileReference; lastKnownFileType = sourcecode.swift; path = "UIViewController+Extension.swift"; sourceTree = "<group>"; };
		7E1902512230FD5D0054B8F2 /* KragerChat.app */ = {isa = PBXFileReference; explicitFileType = wrapper.application; includeInIndex = 0; path = KragerChat.app; sourceTree = BUILT_PRODUCTS_DIR; };
		7E1902542230FD5D0054B8F2 /* AppDelegate.swift */ = {isa = PBXFileReference; lastKnownFileType = sourcecode.swift; path = AppDelegate.swift; sourceTree = "<group>"; };
		7E1902592230FD5D0054B8F2 /* Base */ = {isa = PBXFileReference; lastKnownFileType = file.storyboard; name = Base; path = Base.lproj/Main.storyboard; sourceTree = "<group>"; };
		7E19025B2230FD620054B8F2 /* Assets.xcassets */ = {isa = PBXFileReference; lastKnownFileType = folder.assetcatalog; path = Assets.xcassets; sourceTree = "<group>"; };
		7E19025E2230FD620054B8F2 /* Base */ = {isa = PBXFileReference; lastKnownFileType = file.storyboard; name = Base; path = Base.lproj/LaunchScreen.storyboard; sourceTree = "<group>"; };
		7E1902602230FD620054B8F2 /* Info.plist */ = {isa = PBXFileReference; lastKnownFileType = text.plist.xml; path = Info.plist; sourceTree = "<group>"; };
		7E1902652230FD620054B8F2 /* KragerChatTests.xctest */ = {isa = PBXFileReference; explicitFileType = wrapper.cfbundle; includeInIndex = 0; path = KragerChatTests.xctest; sourceTree = BUILT_PRODUCTS_DIR; };
		7E1902692230FD620054B8F2 /* KragerChatTests.swift */ = {isa = PBXFileReference; lastKnownFileType = sourcecode.swift; path = KragerChatTests.swift; sourceTree = "<group>"; };
		7E19026B2230FD620054B8F2 /* Info.plist */ = {isa = PBXFileReference; lastKnownFileType = text.plist.xml; path = Info.plist; sourceTree = "<group>"; };
		7E190274223100260054B8F2 /* HomeViewController.swift */ = {isa = PBXFileReference; lastKnownFileType = sourcecode.swift; path = HomeViewController.swift; sourceTree = "<group>"; };
		7E190278223100910054B8F2 /* KragerTextFieldViewModel.swift */ = {isa = PBXFileReference; lastKnownFileType = sourcecode.swift; path = KragerTextFieldViewModel.swift; sourceTree = "<group>"; };
		7E19027B223100A20054B8F2 /* KragerTextField.swift */ = {isa = PBXFileReference; lastKnownFileType = sourcecode.swift; path = KragerTextField.swift; sourceTree = "<group>"; };
		7E19027D223102AC0054B8F2 /* EarthView.swift */ = {isa = PBXFileReference; lastKnownFileType = sourcecode.swift; path = EarthView.swift; sourceTree = "<group>"; };
		7E1902822231109E0054B8F2 /* ShootingStarBackground.swift */ = {isa = PBXFileReference; lastKnownFileType = sourcecode.swift; path = ShootingStarBackground.swift; sourceTree = "<group>"; };
		7E1902852231BD770054B8F2 /* Star.swift */ = {isa = PBXFileReference; lastKnownFileType = sourcecode.swift; path = Star.swift; sourceTree = "<group>"; };
		7E2E76E8226D77FA007172ED /* QuoteKeyboard.swift */ = {isa = PBXFileReference; lastKnownFileType = sourcecode.swift; path = QuoteKeyboard.swift; sourceTree = "<group>"; };
		7E2E76EA226D78E4007172ED /* QuoteCell.swift */ = {isa = PBXFileReference; lastKnownFileType = sourcecode.swift; path = QuoteCell.swift; sourceTree = "<group>"; };
		7E2E76EE226D7C8A007172ED /* PhotoKeyboard.swift */ = {isa = PBXFileReference; lastKnownFileType = sourcecode.swift; path = PhotoKeyboard.swift; sourceTree = "<group>"; };
		7E2E76F0226D8D95007172ED /* Keyboard.swift */ = {isa = PBXFileReference; lastKnownFileType = sourcecode.swift; path = Keyboard.swift; sourceTree = "<group>"; };
		7E3ED11C223390DD00080C23 /* MoonView.swift */ = {isa = PBXFileReference; lastKnownFileType = sourcecode.swift; path = MoonView.swift; sourceTree = "<group>"; };
		7E65E7F32255F33200192F98 /* KragerButton.swift */ = {isa = PBXFileReference; lastKnownFileType = sourcecode.swift; path = KragerButton.swift; sourceTree = "<group>"; };
		7E65E7F52256A80100192F98 /* UIView+Extensions.swift */ = {isa = PBXFileReference; lastKnownFileType = sourcecode.swift; path = "UIView+Extensions.swift"; sourceTree = "<group>"; };
		7ED527BB228A7693009F1393 /* ChatClient.swift */ = {isa = PBXFileReference; lastKnownFileType = sourcecode.swift; path = ChatClient.swift; sourceTree = "<group>"; };
		7EEA35A2227EAA45000A4585 /* PhotoCell.swift */ = {isa = PBXFileReference; lastKnownFileType = sourcecode.swift; path = PhotoCell.swift; sourceTree = "<group>"; };
		7EEA35A4227EAE67000A4585 /* Photo.swift */ = {isa = PBXFileReference; lastKnownFileType = sourcecode.swift; path = Photo.swift; sourceTree = "<group>"; };
/* End PBXFileReference section */

/* Begin PBXFrameworksBuildPhase section */
		7E19024E2230FD5D0054B8F2 /* Frameworks */ = {
			isa = PBXFrameworksBuildPhase;
			buildActionMask = 2147483647;
			files = (
			);
			runOnlyForDeploymentPostprocessing = 0;
		};
		7E1902622230FD620054B8F2 /* Frameworks */ = {
			isa = PBXFrameworksBuildPhase;
			buildActionMask = 2147483647;
			files = (
			);
			runOnlyForDeploymentPostprocessing = 0;
		};
/* End PBXFrameworksBuildPhase section */

/* Begin PBXGroup section */
		7E04E52B226EDCFF00113064 /* TableCells */ = {
			isa = PBXGroup;
			children = (
				7E17D7EE22641B19007BF304 /* MessageReceivedCell.swift */,
				7E17D7E72261BC7C007BF304 /* MessageSentCell.swift */,
				7E17D7F022641B28007BF304 /* MessageCell.swift */,
			);
			path = TableCells;
			sourceTree = "<group>";
		};
		7E17D7E42261BB3C007BF304 /* Chat */ = {
			isa = PBXGroup;
			children = (
				7E04E52B226EDCFF00113064 /* TableCells */,
				7E2E76E7226D77E6007172ED /* Keyboards */,
				7E17D7F222645E9B007BF304 /* Message Bar */,
				7E17D7E52261BB56007BF304 /* ChatView.swift */,
			);
			path = Chat;
			sourceTree = "<group>";
		};
		7E17D7EB2261CC62007BF304 /* Model */ = {
			isa = PBXGroup;
			children = (
				7EEA35A4227EAE67000A4585 /* Photo.swift */,
				7E17D7EC2261CC6B007BF304 /* Message.swift */,
			);
			path = Model;
			sourceTree = "<group>";
		};
		7E17D7F222645E9B007BF304 /* Message Bar */ = {
			isa = PBXGroup;
			children = (
				7E17D7F322645EA9007BF304 /* MessageBar.swift */,
				7E17D7F522645FF5007BF304 /* MessageTextField.swift */,
				7E17D7F722685209007BF304 /* SendButton.swift */,
			);
			path = "Message Bar";
			sourceTree = "<group>";
		};
		7E17D7F9226918B0007BF304 /* Extensions */ = {
			isa = PBXGroup;
			children = (
				7E17D7FA226918BF007BF304 /* UIViewController+Extension.swift */,
			);
			path = Extensions;
			sourceTree = "<group>";
		};
		7E1902482230FD5D0054B8F2 = {
			isa = PBXGroup;
			children = (
				7E1902532230FD5D0054B8F2 /* KragerChat */,
				7E1902682230FD620054B8F2 /* KragerChatTests */,
				7E1902522230FD5D0054B8F2 /* Products */,
			);
			sourceTree = "<group>";
		};
		7E1902522230FD5D0054B8F2 /* Products */ = {
			isa = PBXGroup;
			children = (
				7E1902512230FD5D0054B8F2 /* KragerChat.app */,
				7E1902652230FD620054B8F2 /* KragerChatTests.xctest */,
			);
			name = Products;
			sourceTree = "<group>";
		};
		7E1902532230FD5D0054B8F2 /* KragerChat */ = {
			isa = PBXGroup;
			children = (
				7ED527BA228A766C009F1393 /* Store */,
				7E17D7F9226918B0007BF304 /* Extensions */,
				7E17D7EB2261CC62007BF304 /* Model */,
				7E19027A223100940054B8F2 /* View */,
				7E190277223100510054B8F2 /* ViewModel */,
				7E190276223100470054B8F2 /* ViewController */,
				7E1902542230FD5D0054B8F2 /* AppDelegate.swift */,
				7E1902582230FD5D0054B8F2 /* Main.storyboard */,
				7E19025B2230FD620054B8F2 /* Assets.xcassets */,
				7E19025D2230FD620054B8F2 /* LaunchScreen.storyboard */,
				7E1902602230FD620054B8F2 /* Info.plist */,
			);
			path = KragerChat;
			sourceTree = "<group>";
		};
		7E1902682230FD620054B8F2 /* KragerChatTests */ = {
			isa = PBXGroup;
			children = (
				7E1902692230FD620054B8F2 /* KragerChatTests.swift */,
				7E19026B2230FD620054B8F2 /* Info.plist */,
			);
			path = KragerChatTests;
			sourceTree = "<group>";
		};
		7E190276223100470054B8F2 /* ViewController */ = {
			isa = PBXGroup;
			children = (
				7E190274223100260054B8F2 /* HomeViewController.swift */,
				7E17D7E22261B979007BF304 /* ChatViewController.swift */,
			);
			path = ViewController;
			sourceTree = "<group>";
		};
		7E190277223100510054B8F2 /* ViewModel */ = {
			isa = PBXGroup;
			children = (
				7E190278223100910054B8F2 /* KragerTextFieldViewModel.swift */,
				7E17D7E92261CC15007BF304 /* ChatViewModel.swift */,
			);
			path = ViewModel;
			sourceTree = "<group>";
		};
		7E19027A223100940054B8F2 /* View */ = {
			isa = PBXGroup;
			children = (
				7E65E7F22255F32800192F98 /* UI */,
				7E1902842231BD690054B8F2 /* ShootingStars */,
				7E19027F22310AEB0054B8F2 /* Earth */,
			);
			path = View;
			sourceTree = "<group>";
		};
		7E19027F22310AEB0054B8F2 /* Earth */ = {
			isa = PBXGroup;
			children = (
				7E19027D223102AC0054B8F2 /* EarthView.swift */,
				7E3ED11C223390DD00080C23 /* MoonView.swift */,
			);
			path = Earth;
			sourceTree = "<group>";
		};
		7E1902842231BD690054B8F2 /* ShootingStars */ = {
			isa = PBXGroup;
			children = (
				7E1902822231109E0054B8F2 /* ShootingStarBackground.swift */,
				7E1902852231BD770054B8F2 /* Star.swift */,
			);
			path = ShootingStars;
			sourceTree = "<group>";
		};
		7E2E76E7226D77E6007172ED /* Keyboards */ = {
			isa = PBXGroup;
			children = (
				7E2E76ED226D7C7F007172ED /* Photo */,
				7E2E76EC226D7C79007172ED /* Quote */,
				7E2E76F0226D8D95007172ED /* Keyboard.swift */,
			);
			path = Keyboards;
			sourceTree = "<group>";
		};
		7E2E76EC226D7C79007172ED /* Quote */ = {
			isa = PBXGroup;
			children = (
				7E2E76E8226D77FA007172ED /* QuoteKeyboard.swift */,
				7E2E76EA226D78E4007172ED /* QuoteCell.swift */,
				7E04E52C22702CF300113064 /* QuoteTextView.swift */,
			);
			path = Quote;
			sourceTree = "<group>";
		};
		7E2E76ED226D7C7F007172ED /* Photo */ = {
			isa = PBXGroup;
			children = (
				7E2E76EE226D7C8A007172ED /* PhotoKeyboard.swift */,
				7EEA35A2227EAA45000A4585 /* PhotoCell.swift */,
			);
			path = Photo;
			sourceTree = "<group>";
		};
		7E65E7F22255F32800192F98 /* UI */ = {
			isa = PBXGroup;
			children = (
				7E17D7E42261BB3C007BF304 /* Chat */,
				7E19027B223100A20054B8F2 /* KragerTextField.swift */,
				7E65E7F32255F33200192F98 /* KragerButton.swift */,
				7E65E7F52256A80100192F98 /* UIView+Extensions.swift */,
			);
			path = UI;
			sourceTree = "<group>";
		};
		7ED527BA228A766C009F1393 /* Store */ = {
			isa = PBXGroup;
			children = (
				7ED527BB228A7693009F1393 /* ChatClient.swift */,
			);
			path = Store;
			sourceTree = "<group>";
		};
/* End PBXGroup section */

/* Begin PBXNativeTarget section */
		7E1902502230FD5D0054B8F2 /* KragerChat */ = {
			isa = PBXNativeTarget;
			buildConfigurationList = 7E19026E2230FD620054B8F2 /* Build configuration list for PBXNativeTarget "KragerChat" */;
			buildPhases = (
				7E19024D2230FD5D0054B8F2 /* Sources */,
				7E19024E2230FD5D0054B8F2 /* Frameworks */,
				7E19024F2230FD5D0054B8F2 /* Resources */,
			);
			buildRules = (
			);
			dependencies = (
			);
			name = KragerChat;
			productName = KragerChat;
			productReference = 7E1902512230FD5D0054B8F2 /* KragerChat.app */;
			productType = "com.apple.product-type.application";
		};
		7E1902642230FD620054B8F2 /* KragerChatTests */ = {
			isa = PBXNativeTarget;
			buildConfigurationList = 7E1902712230FD620054B8F2 /* Build configuration list for PBXNativeTarget "KragerChatTests" */;
			buildPhases = (
				7E1902612230FD620054B8F2 /* Sources */,
				7E1902622230FD620054B8F2 /* Frameworks */,
				7E1902632230FD620054B8F2 /* Resources */,
			);
			buildRules = (
			);
			dependencies = (
				7E1902672230FD620054B8F2 /* PBXTargetDependency */,
			);
			name = KragerChatTests;
			productName = KragerChatTests;
			productReference = 7E1902652230FD620054B8F2 /* KragerChatTests.xctest */;
			productType = "com.apple.product-type.bundle.unit-test";
		};
/* End PBXNativeTarget section */

/* Begin PBXProject section */
		7E1902492230FD5D0054B8F2 /* Project object */ = {
			isa = PBXProject;
			attributes = {
				LastSwiftUpdateCheck = 1010;
				LastUpgradeCheck = 1010;
				ORGANIZATIONNAME = "Matthew Krager";
				TargetAttributes = {
					7E1902502230FD5D0054B8F2 = {
						CreatedOnToolsVersion = 10.1;
					};
					7E1902642230FD620054B8F2 = {
						CreatedOnToolsVersion = 10.1;
						TestTargetID = 7E1902502230FD5D0054B8F2;
					};
				};
			};
			buildConfigurationList = 7E19024C2230FD5D0054B8F2 /* Build configuration list for PBXProject "KragerChat" */;
			compatibilityVersion = "Xcode 9.3";
			developmentRegion = en;
			hasScannedForEncodings = 0;
			knownRegions = (
				en,
				Base,
			);
			mainGroup = 7E1902482230FD5D0054B8F2;
			productRefGroup = 7E1902522230FD5D0054B8F2 /* Products */;
			projectDirPath = "";
			projectRoot = "";
			targets = (
				7E1902502230FD5D0054B8F2 /* KragerChat */,
				7E1902642230FD620054B8F2 /* KragerChatTests */,
			);
		};
/* End PBXProject section */

/* Begin PBXResourcesBuildPhase section */
		7E19024F2230FD5D0054B8F2 /* Resources */ = {
			isa = PBXResourcesBuildPhase;
			buildActionMask = 2147483647;
			files = (
				7E19025F2230FD620054B8F2 /* LaunchScreen.storyboard in Resources */,
				7E19025C2230FD620054B8F2 /* Assets.xcassets in Resources */,
				7E19025A2230FD5D0054B8F2 /* Main.storyboard in Resources */,
			);
			runOnlyForDeploymentPostprocessing = 0;
		};
		7E1902632230FD620054B8F2 /* Resources */ = {
			isa = PBXResourcesBuildPhase;
			buildActionMask = 2147483647;
			files = (
			);
			runOnlyForDeploymentPostprocessing = 0;
		};
/* End PBXResourcesBuildPhase section */

/* Begin PBXSourcesBuildPhase section */
		7E19024D2230FD5D0054B8F2 /* Sources */ = {
			isa = PBXSourcesBuildPhase;
			buildActionMask = 2147483647;
			files = (
				7EEA35A5227EAE67000A4585 /* Photo.swift in Sources */,
				7E1902552230FD5D0054B8F2 /* AppDelegate.swift in Sources */,
				7E17D7EF22641B19007BF304 /* MessageReceivedCell.swift in Sources */,
				7E19027E223102AC0054B8F2 /* EarthView.swift in Sources */,
				7E1902832231109E0054B8F2 /* ShootingStarBackground.swift in Sources */,
				7E1902862231BD770054B8F2 /* Star.swift in Sources */,
				7ED527BC228A7693009F1393 /* ChatClient.swift in Sources */,
				7E17D7ED2261CC6B007BF304 /* Message.swift in Sources */,
				7E17D7F622645FF5007BF304 /* MessageTextField.swift in Sources */,
				7E17D7E82261BC7C007BF304 /* MessageSentCell.swift in Sources */,
				7E19027C223100A20054B8F2 /* KragerTextField.swift in Sources */,
				7E2E76EF226D7C8A007172ED /* PhotoKeyboard.swift in Sources */,
				7EEA35A3227EAA45000A4585 /* PhotoCell.swift in Sources */,
				7E2E76EB226D78E4007172ED /* QuoteCell.swift in Sources */,
				7E17D7E62261BB56007BF304 /* ChatView.swift in Sources */,
				7E65E7F62256A80100192F98 /* UIView+Extensions.swift in Sources */,
				7E3ED11D223390DD00080C23 /* MoonView.swift in Sources */,
				7E04E52D22702CF300113064 /* QuoteTextView.swift in Sources */,
				7E17D7F422645EA9007BF304 /* MessageBar.swift in Sources */,
				7E190279223100910054B8F2 /* KragerTextFieldViewModel.swift in Sources */,
				7E190275223100260054B8F2 /* HomeViewController.swift in Sources */,
				7E17D7E32261B979007BF304 /* ChatViewController.swift in Sources */,
				7E17D7EA2261CC15007BF304 /* ChatViewModel.swift in Sources */,
				7E17D7F822685209007BF304 /* SendButton.swift in Sources */,
				7E17D7FB226918BF007BF304 /* UIViewController+Extension.swift in Sources */,
				7E2E76E9226D77FA007172ED /* QuoteKeyboard.swift in Sources */,
				7E2E76F1226D8D95007172ED /* Keyboard.swift in Sources */,
				7E65E7F42255F33200192F98 /* KragerButton.swift in Sources */,
				7E17D7F122641B28007BF304 /* MessageCell.swift in Sources */,
			);
			runOnlyForDeploymentPostprocessing = 0;
		};
		7E1902612230FD620054B8F2 /* Sources */ = {
			isa = PBXSourcesBuildPhase;
			buildActionMask = 2147483647;
			files = (
				7E19026A2230FD620054B8F2 /* KragerChatTests.swift in Sources */,
			);
			runOnlyForDeploymentPostprocessing = 0;
		};
/* End PBXSourcesBuildPhase section */

/* Begin PBXTargetDependency section */
		7E1902672230FD620054B8F2 /* PBXTargetDependency */ = {
			isa = PBXTargetDependency;
			target = 7E1902502230FD5D0054B8F2 /* KragerChat */;
			targetProxy = 7E1902662230FD620054B8F2 /* PBXContainerItemProxy */;
		};
/* End PBXTargetDependency section */

/* Begin PBXVariantGroup section */
		7E1902582230FD5D0054B8F2 /* Main.storyboard */ = {
			isa = PBXVariantGroup;
			children = (
				7E1902592230FD5D0054B8F2 /* Base */,
			);
			name = Main.storyboard;
			sourceTree = "<group>";
		};
		7E19025D2230FD620054B8F2 /* LaunchScreen.storyboard */ = {
			isa = PBXVariantGroup;
			children = (
				7E19025E2230FD620054B8F2 /* Base */,
			);
			name = LaunchScreen.storyboard;
			sourceTree = "<group>";
		};
/* End PBXVariantGroup section */

/* Begin XCBuildConfiguration section */
		7E19026C2230FD620054B8F2 /* Debug */ = {
			isa = XCBuildConfiguration;
			buildSettings = {
				ALWAYS_SEARCH_USER_PATHS = NO;
				CLANG_ANALYZER_NONNULL = YES;
				CLANG_ANALYZER_NUMBER_OBJECT_CONVERSION = YES_AGGRESSIVE;
				CLANG_CXX_LANGUAGE_STANDARD = "gnu++14";
				CLANG_CXX_LIBRARY = "libc++";
				CLANG_ENABLE_MODULES = YES;
				CLANG_ENABLE_OBJC_ARC = YES;
				CLANG_ENABLE_OBJC_WEAK = YES;
				CLANG_WARN_BLOCK_CAPTURE_AUTORELEASING = YES;
				CLANG_WARN_BOOL_CONVERSION = YES;
				CLANG_WARN_COMMA = YES;
				CLANG_WARN_CONSTANT_CONVERSION = YES;
				CLANG_WARN_DEPRECATED_OBJC_IMPLEMENTATIONS = YES;
				CLANG_WARN_DIRECT_OBJC_ISA_USAGE = YES_ERROR;
				CLANG_WARN_DOCUMENTATION_COMMENTS = YES;
				CLANG_WARN_EMPTY_BODY = YES;
				CLANG_WARN_ENUM_CONVERSION = YES;
				CLANG_WARN_INFINITE_RECURSION = YES;
				CLANG_WARN_INT_CONVERSION = YES;
				CLANG_WARN_NON_LITERAL_NULL_CONVERSION = YES;
				CLANG_WARN_OBJC_IMPLICIT_RETAIN_SELF = YES;
				CLANG_WARN_OBJC_LITERAL_CONVERSION = YES;
				CLANG_WARN_OBJC_ROOT_CLASS = YES_ERROR;
				CLANG_WARN_RANGE_LOOP_ANALYSIS = YES;
				CLANG_WARN_STRICT_PROTOTYPES = YES;
				CLANG_WARN_SUSPICIOUS_MOVE = YES;
				CLANG_WARN_UNGUARDED_AVAILABILITY = YES_AGGRESSIVE;
				CLANG_WARN_UNREACHABLE_CODE = YES;
				CLANG_WARN__DUPLICATE_METHOD_MATCH = YES;
				CODE_SIGN_IDENTITY = "iPhone Developer";
				COPY_PHASE_STRIP = NO;
				DEBUG_INFORMATION_FORMAT = dwarf;
				ENABLE_STRICT_OBJC_MSGSEND = YES;
				ENABLE_TESTABILITY = YES;
				GCC_C_LANGUAGE_STANDARD = gnu11;
				GCC_DYNAMIC_NO_PIC = NO;
				GCC_NO_COMMON_BLOCKS = YES;
				GCC_OPTIMIZATION_LEVEL = 0;
				GCC_PREPROCESSOR_DEFINITIONS = (
					"DEBUG=1",
					"$(inherited)",
				);
				GCC_WARN_64_TO_32_BIT_CONVERSION = YES;
				GCC_WARN_ABOUT_RETURN_TYPE = YES_ERROR;
				GCC_WARN_UNDECLARED_SELECTOR = YES;
				GCC_WARN_UNINITIALIZED_AUTOS = YES_AGGRESSIVE;
				GCC_WARN_UNUSED_FUNCTION = YES;
				GCC_WARN_UNUSED_VARIABLE = YES;
				IPHONEOS_DEPLOYMENT_TARGET = 12.1;
				MTL_ENABLE_DEBUG_INFO = INCLUDE_SOURCE;
				MTL_FAST_MATH = YES;
				ONLY_ACTIVE_ARCH = YES;
				SDKROOT = iphoneos;
				SWIFT_ACTIVE_COMPILATION_CONDITIONS = DEBUG;
				SWIFT_OPTIMIZATION_LEVEL = "-Onone";
			};
			name = Debug;
		};
		7E19026D2230FD620054B8F2 /* Release */ = {
			isa = XCBuildConfiguration;
			buildSettings = {
				ALWAYS_SEARCH_USER_PATHS = NO;
				CLANG_ANALYZER_NONNULL = YES;
				CLANG_ANALYZER_NUMBER_OBJECT_CONVERSION = YES_AGGRESSIVE;
				CLANG_CXX_LANGUAGE_STANDARD = "gnu++14";
				CLANG_CXX_LIBRARY = "libc++";
				CLANG_ENABLE_MODULES = YES;
				CLANG_ENABLE_OBJC_ARC = YES;
				CLANG_ENABLE_OBJC_WEAK = YES;
				CLANG_WARN_BLOCK_CAPTURE_AUTORELEASING = YES;
				CLANG_WARN_BOOL_CONVERSION = YES;
				CLANG_WARN_COMMA = YES;
				CLANG_WARN_CONSTANT_CONVERSION = YES;
				CLANG_WARN_DEPRECATED_OBJC_IMPLEMENTATIONS = YES;
				CLANG_WARN_DIRECT_OBJC_ISA_USAGE = YES_ERROR;
				CLANG_WARN_DOCUMENTATION_COMMENTS = YES;
				CLANG_WARN_EMPTY_BODY = YES;
				CLANG_WARN_ENUM_CONVERSION = YES;
				CLANG_WARN_INFINITE_RECURSION = YES;
				CLANG_WARN_INT_CONVERSION = YES;
				CLANG_WARN_NON_LITERAL_NULL_CONVERSION = YES;
				CLANG_WARN_OBJC_IMPLICIT_RETAIN_SELF = YES;
				CLANG_WARN_OBJC_LITERAL_CONVERSION = YES;
				CLANG_WARN_OBJC_ROOT_CLASS = YES_ERROR;
				CLANG_WARN_RANGE_LOOP_ANALYSIS = YES;
				CLANG_WARN_STRICT_PROTOTYPES = YES;
				CLANG_WARN_SUSPICIOUS_MOVE = YES;
				CLANG_WARN_UNGUARDED_AVAILABILITY = YES_AGGRESSIVE;
				CLANG_WARN_UNREACHABLE_CODE = YES;
				CLANG_WARN__DUPLICATE_METHOD_MATCH = YES;
				CODE_SIGN_IDENTITY = "iPhone Developer";
				COPY_PHASE_STRIP = NO;
				DEBUG_INFORMATION_FORMAT = "dwarf-with-dsym";
				ENABLE_NS_ASSERTIONS = NO;
				ENABLE_STRICT_OBJC_MSGSEND = YES;
				GCC_C_LANGUAGE_STANDARD = gnu11;
				GCC_NO_COMMON_BLOCKS = YES;
				GCC_WARN_64_TO_32_BIT_CONVERSION = YES;
				GCC_WARN_ABOUT_RETURN_TYPE = YES_ERROR;
				GCC_WARN_UNDECLARED_SELECTOR = YES;
				GCC_WARN_UNINITIALIZED_AUTOS = YES_AGGRESSIVE;
				GCC_WARN_UNUSED_FUNCTION = YES;
				GCC_WARN_UNUSED_VARIABLE = YES;
				IPHONEOS_DEPLOYMENT_TARGET = 12.1;
				MTL_ENABLE_DEBUG_INFO = NO;
				MTL_FAST_MATH = YES;
				SDKROOT = iphoneos;
				SWIFT_COMPILATION_MODE = wholemodule;
				SWIFT_OPTIMIZATION_LEVEL = "-O";
				VALIDATE_PRODUCT = YES;
			};
			name = Release;
		};
		7E19026F2230FD620054B8F2 /* Debug */ = {
			isa = XCBuildConfiguration;
			buildSettings = {
				ASSETCATALOG_COMPILER_APPICON_NAME = AppIcon;
				CODE_SIGN_STYLE = Automatic;
				DEVELOPMENT_TEAM = 2FKX4SDTGM;
				INFOPLIST_FILE = KragerChat/Info.plist;
				IPHONEOS_DEPLOYMENT_TARGET = 11.0;
				LD_RUNPATH_SEARCH_PATHS = (
					"$(inherited)",
					"@executable_path/Frameworks",
				);
				PRODUCT_BUNDLE_IDENTIFIER = themkrage.KragerChat;
				PRODUCT_NAME = "$(TARGET_NAME)";
				SWIFT_VERSION = 4.2;
				TARGETED_DEVICE_FAMILY = "1,2";
			};
			name = Debug;
		};
		7E1902702230FD620054B8F2 /* Release */ = {
			isa = XCBuildConfiguration;
			buildSettings = {
				ASSETCATALOG_COMPILER_APPICON_NAME = AppIcon;
				CODE_SIGN_STYLE = Automatic;
				DEVELOPMENT_TEAM = 2FKX4SDTGM;
				INFOPLIST_FILE = KragerChat/Info.plist;
				IPHONEOS_DEPLOYMENT_TARGET = 11.0;
				LD_RUNPATH_SEARCH_PATHS = (
					"$(inherited)",
					"@executable_path/Frameworks",
				);
				PRODUCT_BUNDLE_IDENTIFIER = themkrage.KragerChat;
				PRODUCT_NAME = "$(TARGET_NAME)";
				SWIFT_VERSION = 4.2;
				TARGETED_DEVICE_FAMILY = "1,2";
			};
			name = Release;
		};
		7E1902722230FD620054B8F2 /* Debug */ = {
			isa = XCBuildConfiguration;
			buildSettings = {
				ALWAYS_EMBED_SWIFT_STANDARD_LIBRARIES = YES;
				BUNDLE_LOADER = "$(TEST_HOST)";
				CODE_SIGN_STYLE = Automatic;
				DEVELOPMENT_TEAM = 2FKX4SDTGM;
				INFOPLIST_FILE = KragerChatTests/Info.plist;
				LD_RUNPATH_SEARCH_PATHS = (
					"$(inherited)",
					"@executable_path/Frameworks",
					"@loader_path/Frameworks",
				);
				PRODUCT_BUNDLE_IDENTIFIER = themkrage.KragerChatTests;
				PRODUCT_NAME = "$(TARGET_NAME)";
				SWIFT_VERSION = 4.2;
				TARGETED_DEVICE_FAMILY = "1,2";
				TEST_HOST = "$(BUILT_PRODUCTS_DIR)/KragerChat.app/KragerChat";
			};
			name = Debug;
		};
		7E1902732230FD620054B8F2 /* Release */ = {
			isa = XCBuildConfiguration;
			buildSettings = {
				ALWAYS_EMBED_SWIFT_STANDARD_LIBRARIES = YES;
				BUNDLE_LOADER = "$(TEST_HOST)";
				CODE_SIGN_STYLE = Automatic;
				DEVELOPMENT_TEAM = 2FKX4SDTGM;
				INFOPLIST_FILE = KragerChatTests/Info.plist;
				LD_RUNPATH_SEARCH_PATHS = (
					"$(inherited)",
					"@executable_path/Frameworks",
					"@loader_path/Frameworks",
				);
				PRODUCT_BUNDLE_IDENTIFIER = themkrage.KragerChatTests;
				PRODUCT_NAME = "$(TARGET_NAME)";
				SWIFT_VERSION = 4.2;
				TARGETED_DEVICE_FAMILY = "1,2";
				TEST_HOST = "$(BUILT_PRODUCTS_DIR)/KragerChat.app/KragerChat";
			};
			name = Release;
		};
/* End XCBuildConfiguration section */

/* Begin XCConfigurationList section */
		7E19024C2230FD5D0054B8F2 /* Build configuration list for PBXProject "KragerChat" */ = {
			isa = XCConfigurationList;
			buildConfigurations = (
				7E19026C2230FD620054B8F2 /* Debug */,
				7E19026D2230FD620054B8F2 /* Release */,
			);
			defaultConfigurationIsVisible = 0;
			defaultConfigurationName = Release;
		};
		7E19026E2230FD620054B8F2 /* Build configuration list for PBXNativeTarget "KragerChat" */ = {
			isa = XCConfigurationList;
			buildConfigurations = (
				7E19026F2230FD620054B8F2 /* Debug */,
				7E1902702230FD620054B8F2 /* Release */,
			);
			defaultConfigurationIsVisible = 0;
			defaultConfigurationName = Release;
		};
		7E1902712230FD620054B8F2 /* Build configuration list for PBXNativeTarget "KragerChatTests" */ = {
			isa = XCConfigurationList;
			buildConfigurations = (
				7E1902722230FD620054B8F2 /* Debug */,
				7E1902732230FD620054B8F2 /* Release */,
			);
			defaultConfigurationIsVisible = 0;
			defaultConfigurationName = Release;
		};
/* End XCConfigurationList section */
	};
	rootObject = 7E1902492230FD5D0054B8F2 /* Project object */;
}
